
Microsoft Visual Studio Solution File, Format Version 12.00
# Visual Studio Version 17
VisualStudioVersion = 17.0.31912.275
MinimumVisualStudioVersion = 10.0.40219.1
Project("{9A19103F-16F7-4668-BE54-9A1E7A4F7556}") = "Anatoly.Finanse", "Anatoly.Finanse.csproj", "{2A604BC2-7A52-47BB-9663-D64C632F2581}"
EndProject
Project("{9A19103F-16F7-4668-BE54-9A1E7A4F7556}") = "Anatoly.Figures", "..\Anatoly.Figures\Anatoly.Figures.csproj", "{38DED599-D4F4-4E77-BA55-DE8614C80CE7}"
EndProject
Global
	GlobalSection(SolutionConfigurationPlatforms) = preSolution
		Debug|Any CPU = Debug|Any CPU
		Release|Any CPU = Release|Any CPU
	EndGlobalSection
	GlobalSection(ProjectConfigurationPlatforms) = postSolution
		{2A604BC2-7A52-47BB-9663-D64C632F2581}.Debug|Any CPU.ActiveCfg = Debug|Any CPU
		{2A604BC2-7A52-47BB-9663-D64C632F2581}.Debug|Any CPU.Build.0 = Debug|Any CPU
		{2A604BC2-7A52-47BB-9663-D64C632F2581}.Release|Any CPU.ActiveCfg = Release|Any CPU
		{2A604BC2-7A52-47BB-9663-D64C632F2581}.Release|Any CPU.Build.0 = Release|Any CPU
		{38DED599-D4F4-4E77-BA55-DE8614C80CE7}.Debug|Any CPU.ActiveCfg = Debug|Any CPU
		{38DED599-D4F4-4E77-BA55-DE8614C80CE7}.Debug|Any CPU.Build.0 = Debug|Any CPU
		{38DED599-D4F4-4E77-BA55-DE8614C80CE7}.Release|Any CPU.ActiveCfg = Release|Any CPU
		{38DED599-D4F4-4E77-BA55-DE8614C80CE7}.Release|Any CPU.Build.0 = Release|Any CPU
	EndGlobalSection
	GlobalSection(SolutionProperties) = preSolution
		HideSolutionNode = FALSE
	EndGlobalSection
	GlobalSection(ExtensibilityGlobals) = postSolution
		SolutionGuid = {91FA51A4-751A-4DB5-91CE-112C290A9CEA}
	EndGlobalSection
EndGlobal
