
Microsoft Visual Studio Solution File, Format Version 12.00
# Visual Studio Version 17
VisualStudioVersion = 17.0.31912.275
MinimumVisualStudioVersion = 10.0.40219.1
Project("{FAE04EC0-301F-11D3-BF4B-00C04F79EFBC}") = "Anatoly.FileManager.Core", "Anatoly.FileManager.Core.csproj", "{F9A9501D-0A7D-4DD6-B707-572A90DCFF56}"
EndProject
Global
	GlobalSection(SolutionConfigurationPlatforms) = preSolution
		Debug|Any CPU = Debug|Any CPU
		Release|Any CPU = Release|Any CPU
	EndGlobalSection
	GlobalSection(ProjectConfigurationPlatforms) = postSolution
		{F9A9501D-0A7D-4DD6-B707-572A90DCFF56}.Debug|Any CPU.ActiveCfg = Debug|Any CPU
		{F9A9501D-0A7D-4DD6-B707-572A90DCFF56}.Debug|Any CPU.Build.0 = Debug|Any CPU
		{F9A9501D-0A7D-4DD6-B707-572A90DCFF56}.Release|Any CPU.ActiveCfg = Release|Any CPU
		{F9A9501D-0A7D-4DD6-B707-572A90DCFF56}.Release|Any CPU.Build.0 = Release|Any CPU
	EndGlobalSection
	GlobalSection(SolutionProperties) = preSolution
		HideSolutionNode = FALSE
	EndGlobalSection
	GlobalSection(ExtensibilityGlobals) = postSolution
		SolutionGuid = {1083B86E-7AD0-4B99-9444-DBA4F94E0FFE}
	EndGlobalSection
EndGlobal
